
Microsoft Visual Studio Solution File, Format Version 12.00
# Visual Studio Version 17
VisualStudioVersion = 17.3.32929.385
MinimumVisualStudioVersion = 10.0.40219.1
Project("{FAE04EC0-301F-11D3-BF4B-00C04F79EFBC}") = "Exercicio2Aula02", "Exercicio2Aula02\Exercicio2Aula02.csproj", "{A91DB23E-9843-4319-86C2-5798B7467F0B}"
EndProject
Global
	GlobalSection(SolutionConfigurationPlatforms) = preSolution
		Debug|Any CPU = Debug|Any CPU
		Release|Any CPU = Release|Any CPU
	EndGlobalSection
	GlobalSection(ProjectConfigurationPlatforms) = postSolution
		{A91DB23E-9843-4319-86C2-5798B7467F0B}.Debug|Any CPU.ActiveCfg = Debug|Any CPU
		{A91DB23E-9843-4319-86C2-5798B7467F0B}.Debug|Any CPU.Build.0 = Debug|Any CPU
		{A91DB23E-9843-4319-86C2-5798B7467F0B}.Release|Any CPU.ActiveCfg = Release|Any CPU
		{A91DB23E-9843-4319-86C2-5798B7467F0B}.Release|Any CPU.Build.0 = Release|Any CPU
	EndGlobalSection
	GlobalSection(SolutionProperties) = preSolution
		HideSolutionNode = FALSE
	EndGlobalSection
	GlobalSection(ExtensibilityGlobals) = postSolution
		SolutionGuid = {60485EE3-E92F-4600-B6B2-9001D536FF5B}
	EndGlobalSection
EndGlobal
