
Microsoft Visual Studio Solution File, Format Version 12.00
# Visual Studio Version 17
VisualStudioVersion = 17.3.32929.385
MinimumVisualStudioVersion = 10.0.40219.1
Project("{FAE04EC0-301F-11D3-BF4B-00C04F79EFBC}") = "ExercicioAula04", "ExercicioAula04\ExercicioAula04.csproj", "{221E0369-D138-4F3F-B073-3A33E08FEFC8}"
EndProject
Global
	GlobalSection(SolutionConfigurationPlatforms) = preSolution
		Debug|Any CPU = Debug|Any CPU
		Release|Any CPU = Release|Any CPU
	EndGlobalSection
	GlobalSection(ProjectConfigurationPlatforms) = postSolution
		{221E0369-D138-4F3F-B073-3A33E08FEFC8}.Debug|Any CPU.ActiveCfg = Debug|Any CPU
		{221E0369-D138-4F3F-B073-3A33E08FEFC8}.Debug|Any CPU.Build.0 = Debug|Any CPU
		{221E0369-D138-4F3F-B073-3A33E08FEFC8}.Release|Any CPU.ActiveCfg = Release|Any CPU
		{221E0369-D138-4F3F-B073-3A33E08FEFC8}.Release|Any CPU.Build.0 = Release|Any CPU
	EndGlobalSection
	GlobalSection(SolutionProperties) = preSolution
		HideSolutionNode = FALSE
	EndGlobalSection
	GlobalSection(ExtensibilityGlobals) = postSolution
		SolutionGuid = {BCF50085-156C-4617-9317-8428B881F835}
	EndGlobalSection
EndGlobal
