
Microsoft Visual Studio Solution File, Format Version 12.00
# Visual Studio Version 17
VisualStudioVersion = 17.3.32929.385
MinimumVisualStudioVersion = 10.0.40219.1
Project("{FAE04EC0-301F-11D3-BF4B-00C04F79EFBC}") = "ProjetoAula05", "ProjetoAula05\ProjetoAula05.csproj", "{2D617DAB-4C9F-47D1-BB56-EA72FA068907}"
EndProject
Global
	GlobalSection(SolutionConfigurationPlatforms) = preSolution
		Debug|Any CPU = Debug|Any CPU
		Release|Any CPU = Release|Any CPU
	EndGlobalSection
	GlobalSection(ProjectConfigurationPlatforms) = postSolution
		{2D617DAB-4C9F-47D1-BB56-EA72FA068907}.Debug|Any CPU.ActiveCfg = Debug|Any CPU
		{2D617DAB-4C9F-47D1-BB56-EA72FA068907}.Debug|Any CPU.Build.0 = Debug|Any CPU
		{2D617DAB-4C9F-47D1-BB56-EA72FA068907}.Release|Any CPU.ActiveCfg = Release|Any CPU
		{2D617DAB-4C9F-47D1-BB56-EA72FA068907}.Release|Any CPU.Build.0 = Release|Any CPU
	EndGlobalSection
	GlobalSection(SolutionProperties) = preSolution
		HideSolutionNode = FALSE
	EndGlobalSection
	GlobalSection(ExtensibilityGlobals) = postSolution
		SolutionGuid = {66EDB85C-E516-4D1B-80EE-BC7E837DE0B2}
	EndGlobalSection
EndGlobal
