
Microsoft Visual Studio Solution File, Format Version 12.00
# Visual Studio Version 17
VisualStudioVersion = 17.3.32929.385
MinimumVisualStudioVersion = 10.0.40219.1
Project("{FAE04EC0-301F-11D3-BF4B-00C04F79EFBC}") = "ProjetoAula02", "ProjetoAula02\ProjetoAula02.csproj", "{9402F248-1E38-4588-8DC4-A522DA61117D}"
EndProject
Global
	GlobalSection(SolutionConfigurationPlatforms) = preSolution
		Debug|Any CPU = Debug|Any CPU
		Release|Any CPU = Release|Any CPU
	EndGlobalSection
	GlobalSection(ProjectConfigurationPlatforms) = postSolution
		{9402F248-1E38-4588-8DC4-A522DA61117D}.Debug|Any CPU.ActiveCfg = Debug|Any CPU
		{9402F248-1E38-4588-8DC4-A522DA61117D}.Debug|Any CPU.Build.0 = Debug|Any CPU
		{9402F248-1E38-4588-8DC4-A522DA61117D}.Release|Any CPU.ActiveCfg = Release|Any CPU
		{9402F248-1E38-4588-8DC4-A522DA61117D}.Release|Any CPU.Build.0 = Release|Any CPU
	EndGlobalSection
	GlobalSection(SolutionProperties) = preSolution
		HideSolutionNode = FALSE
	EndGlobalSection
	GlobalSection(ExtensibilityGlobals) = postSolution
		SolutionGuid = {76CD2541-CA5D-4457-9716-75F9B1B09F9C}
	EndGlobalSection
EndGlobal
