
Microsoft Visual Studio Solution File, Format Version 12.00
# Visual Studio Version 17
VisualStudioVersion = 17.3.32929.385
MinimumVisualStudioVersion = 10.0.40219.1
Project("{FAE04EC0-301F-11D3-BF4B-00C04F79EFBC}") = "ProjetoAula03", "ProjetoAula03\ProjetoAula03.csproj", "{19C055D2-47C7-4CC1-AFF5-3C682E536FE7}"
EndProject
Global
	GlobalSection(SolutionConfigurationPlatforms) = preSolution
		Debug|Any CPU = Debug|Any CPU
		Release|Any CPU = Release|Any CPU
	EndGlobalSection
	GlobalSection(ProjectConfigurationPlatforms) = postSolution
		{19C055D2-47C7-4CC1-AFF5-3C682E536FE7}.Debug|Any CPU.ActiveCfg = Debug|Any CPU
		{19C055D2-47C7-4CC1-AFF5-3C682E536FE7}.Debug|Any CPU.Build.0 = Debug|Any CPU
		{19C055D2-47C7-4CC1-AFF5-3C682E536FE7}.Release|Any CPU.ActiveCfg = Release|Any CPU
		{19C055D2-47C7-4CC1-AFF5-3C682E536FE7}.Release|Any CPU.Build.0 = Release|Any CPU
	EndGlobalSection
	GlobalSection(SolutionProperties) = preSolution
		HideSolutionNode = FALSE
	EndGlobalSection
	GlobalSection(ExtensibilityGlobals) = postSolution
		SolutionGuid = {41F2B514-7BF1-425F-B9EF-A73115565548}
	EndGlobalSection
EndGlobal
